
Microsoft Visual Studio Solution File, Format Version 12.00
# Visual Studio Version 17
VisualStudioVersion = 17.2.32526.322
MinimumVisualStudioVersion = 10.0.40219.1
Project("{FAE04EC0-301F-11D3-BF4B-00C04F79EFBC}") = "ApiPersonajesAWS", "ApiPersonajesAWS\ApiPersonajesAWS.csproj", "{3081B160-BAA1-4063-85FD-F4E94B54C8E0}"
EndProject
Global
	GlobalSection(SolutionConfigurationPlatforms) = preSolution
		Debug|Any CPU = Debug|Any CPU
		Release|Any CPU = Release|Any CPU
	EndGlobalSection
	GlobalSection(ProjectConfigurationPlatforms) = postSolution
		{3081B160-BAA1-4063-85FD-F4E94B54C8E0}.Debug|Any CPU.ActiveCfg = Debug|Any CPU
		{3081B160-BAA1-4063-85FD-F4E94B54C8E0}.Debug|Any CPU.Build.0 = Debug|Any CPU
		{3081B160-BAA1-4063-85FD-F4E94B54C8E0}.Release|Any CPU.ActiveCfg = Release|Any CPU
		{3081B160-BAA1-4063-85FD-F4E94B54C8E0}.Release|Any CPU.Build.0 = Release|Any CPU
	EndGlobalSection
	GlobalSection(SolutionProperties) = preSolution
		HideSolutionNode = FALSE
	EndGlobalSection
	GlobalSection(ExtensibilityGlobals) = postSolution
		SolutionGuid = {7F75E56B-143F-4C23-9B50-1E367F1025F0}
	EndGlobalSection
EndGlobal
